{
  "name": "model-server-openapi",
  "version": "1.0.0",
  "lockfileVersion": 3,
  "requires": true,
  "packages": {
    "": {
      "name": "model-server-openapi",
      "version": "1.0.0",
      "dependencies": {
        "@redocly/cli": "^2.43.3"
      }
    },
    "node_modules/@redocly/cli": {
      "version": "2.43.3",
      "resolved": "https://registry.npmjs.org/@redocly/cli/-/cli-2.43.3.tgz",
      "integrity": "sha512-c6qQnH7N29FkpBAFDw+7cAsR+F5LXWWuS66BzHuC7zUsqqeZeUVxONRAAZHzwWG/N1zuqXMQZigVIh+ZC4OIFg==",
      "license": "MIT",
      "bin": {
        "openapi": "bin/cli.js",
        "redocly": "bin/cli.js"
      },
      "engines": {
        "node": ">=22.12.0 || >=20.19.0 <21.0.0",
        "npm": ">=10"
      }
    }
  }
}
